
Microsoft Visual Studio Solution File, Format Version 12.00
# Visual Studio Version 17
VisualStudioVersion = 17.6.33815.320
MinimumVisualStudioVersion = 10.0.40219.1
Project("{FAE04EC0-301F-11D3-BF4B-00C04F79EFBC}") = "calculadora_grasa_corporal_back_api", "calculadora_grasa_corporal_back_api.csproj", "{2B29290C-74FB-4EA7-B312-4EF7E907957F}"
EndProject
Global
	GlobalSection(SolutionConfigurationPlatforms) = preSolution
		Debug|Any CPU = Debug|Any CPU
		Release|Any CPU = Release|Any CPU
	EndGlobalSection
	GlobalSection(ProjectConfigurationPlatforms) = postSolution
		{2B29290C-74FB-4EA7-B312-4EF7E907957F}.Debug|Any CPU.ActiveCfg = Debug|Any CPU
		{2B29290C-74FB-4EA7-B312-4EF7E907957F}.Debug|Any CPU.Build.0 = Debug|Any CPU
		{2B29290C-74FB-4EA7-B312-4EF7E907957F}.Release|Any CPU.ActiveCfg = Release|Any CPU
		{2B29290C-74FB-4EA7-B312-4EF7E907957F}.Release|Any CPU.Build.0 = Release|Any CPU
	EndGlobalSection
	GlobalSection(SolutionProperties) = preSolution
		HideSolutionNode = FALSE
	EndGlobalSection
	GlobalSection(ExtensibilityGlobals) = postSolution
		SolutionGuid = {C4EF8EF2-264B-48F5-922E-4E976D7E373B}
	EndGlobalSection
EndGlobal
